
Microsoft Visual Studio Solution File, Format Version 12.00
# Visual Studio Version 17
VisualStudioVersion = 17.0.31912.275
MinimumVisualStudioVersion = 10.0.40219.1
Project("{9A19103F-16F7-4668-BE54-9A1E7A4F7556}") = "Mandalium.Demo.Core", "Mandalium.Core\Mandalium.Demo.Core.csproj", "{FDE0BF5F-AB80-4C2E-BB48-90FBAF71899F}"
EndProject
Project("{9A19103F-16F7-4668-BE54-9A1E7A4F7556}") = "Mandalium.Demo.Infrastructure", "Mandalium.Infrastructure\Mandalium.Demo.Infrastructure.csproj", "{9E98B257-087E-4939-BF09-1CD80F6000CA}"
EndProject
Project("{9A19103F-16F7-4668-BE54-9A1E7A4F7556}") = "Mandalium.API", "Mandalium.API\Mandalium.API.csproj", "{9F14D10B-D45A-42F6-A93C-7DF125CFA8A5}"
EndProject
Project("{9A19103F-16F7-4668-BE54-9A1E7A4F7556}") = "Mandalium.Demo.Models", "Mandalium.Models\Mandalium.Demo.Models.csproj", "{8831FF94-BC7B-4B1A-9BE6-A8A6F8D251B0}"
EndProject
Project("{FAE04EC0-301F-11D3-BF4B-00C04F79EFBC}") = "Mandalium.Demo.Core.Service", "Mnadalium.Demo.Core.Service\Mandalium.Demo.Core.Service.csproj", "{2D64CB32-2229-4345-B722-76E536E194DB}"
EndProject
Global
	GlobalSection(SolutionConfigurationPlatforms) = preSolution
		Debug|Any CPU = Debug|Any CPU
		Release|Any CPU = Release|Any CPU
	EndGlobalSection
	GlobalSection(ProjectConfigurationPlatforms) = postSolution
		{FDE0BF5F-AB80-4C2E-BB48-90FBAF71899F}.Debug|Any CPU.ActiveCfg = Debug|Any CPU
		{FDE0BF5F-AB80-4C2E-BB48-90FBAF71899F}.Debug|Any CPU.Build.0 = Debug|Any CPU
		{FDE0BF5F-AB80-4C2E-BB48-90FBAF71899F}.Release|Any CPU.ActiveCfg = Release|Any CPU
		{FDE0BF5F-AB80-4C2E-BB48-90FBAF71899F}.Release|Any CPU.Build.0 = Release|Any CPU
		{9E98B257-087E-4939-BF09-1CD80F6000CA}.Debug|Any CPU.ActiveCfg = Debug|Any CPU
		{9E98B257-087E-4939-BF09-1CD80F6000CA}.Debug|Any CPU.Build.0 = Debug|Any CPU
		{9E98B257-087E-4939-BF09-1CD80F6000CA}.Release|Any CPU.ActiveCfg = Release|Any CPU
		{9E98B257-087E-4939-BF09-1CD80F6000CA}.Release|Any CPU.Build.0 = Release|Any CPU
		{9F14D10B-D45A-42F6-A93C-7DF125CFA8A5}.Debug|Any CPU.ActiveCfg = Debug|Any CPU
		{9F14D10B-D45A-42F6-A93C-7DF125CFA8A5}.Debug|Any CPU.Build.0 = Debug|Any CPU
		{9F14D10B-D45A-42F6-A93C-7DF125CFA8A5}.Release|Any CPU.ActiveCfg = Release|Any CPU
		{9F14D10B-D45A-42F6-A93C-7DF125CFA8A5}.Release|Any CPU.Build.0 = Release|Any CPU
		{8831FF94-BC7B-4B1A-9BE6-A8A6F8D251B0}.Debug|Any CPU.ActiveCfg = Debug|Any CPU
		{8831FF94-BC7B-4B1A-9BE6-A8A6F8D251B0}.Debug|Any CPU.Build.0 = Debug|Any CPU
		{8831FF94-BC7B-4B1A-9BE6-A8A6F8D251B0}.Release|Any CPU.ActiveCfg = Release|Any CPU
		{8831FF94-BC7B-4B1A-9BE6-A8A6F8D251B0}.Release|Any CPU.Build.0 = Release|Any CPU
		{2D64CB32-2229-4345-B722-76E536E194DB}.Debug|Any CPU.ActiveCfg = Debug|Any CPU
		{2D64CB32-2229-4345-B722-76E536E194DB}.Debug|Any CPU.Build.0 = Debug|Any CPU
		{2D64CB32-2229-4345-B722-76E536E194DB}.Release|Any CPU.ActiveCfg = Release|Any CPU
		{2D64CB32-2229-4345-B722-76E536E194DB}.Release|Any CPU.Build.0 = Release|Any CPU
	EndGlobalSection
	GlobalSection(SolutionProperties) = preSolution
		HideSolutionNode = FALSE
	EndGlobalSection
	GlobalSection(ExtensibilityGlobals) = postSolution
		SolutionGuid = {A14308E3-F379-465F-A2F4-7461267AED6B}
	EndGlobalSection
EndGlobal
